Microsoft Visual Studio Solution File, Format Version 12.00
# Visual Studio Version 17
VisualStudioVersion = 17.5.2.0
MinimumVisualStudioVersion = 10.0.40219.1
Project("{FAE04EC0-301F-11D3-BF4B-00C04F79EFBC}") = "AlmohandisAPI", "AlmohandisAPI.csproj", "{0BA4D42E-F331-3D6B-E657-D2A796ECC634}"
EndProject
Global
	GlobalSection(SolutionConfigurationPlatforms) = preSolution
		Debug|Any CPU = Debug|Any CPU
		Release|Any CPU = Release|Any CPU
	EndGlobalSection
	GlobalSection(ProjectConfigurationPlatforms) = postSolution
		{0BA4D42E-F331-3D6B-E657-D2A796ECC634}.Debug|Any CPU.ActiveCfg = Debug|Any CPU
		{0BA4D42E-F331-3D6B-E657-D2A796ECC634}.Debug|Any CPU.Build.0 = Debug|Any CPU
		{0BA4D42E-F331-3D6B-E657-D2A796ECC634}.Release|Any CPU.ActiveCfg = Release|Any CPU
		{0BA4D42E-F331-3D6B-E657-D2A796ECC634}.Release|Any CPU.Build.0 = Release|Any CPU
	EndGlobalSection
	GlobalSection(SolutionProperties) = preSolution
		HideSolutionNode = FALSE
	EndGlobalSection
	GlobalSection(ExtensibilityGlobals) = postSolution
		SolutionGuid = {73D3078E-F394-4AA0-9179-50C1467FC6B3}
	EndGlobalSection
EndGlobal
